// !$*UTF8*$!
{
	archiveVersion = 1;
	classes = {
	};
	objectVersion = 46;
	objects = {

/* Begin PBXBuildFile section */
		283F9C5A1F7C8F5400D0F515 /* TestLogin.storyboard in Resources */ = {isa = PBXBuildFile; fileRef = 283F9C591F7C8F5400D0F515 /* TestLogin.storyboard */; };
		284B7D331F8C9F8E00B4CFB4 /* CalculatorModel.swift in Sources */ = {isa = PBXBuildFile; fileRef = 284B7D321F8C9F8E00B4CFB4 /* CalculatorModel.swift */; };
		284B7D351F8CB17D00B4CFB4 /* Observable+Extensions.swift in Sources */ = {isa = PBXBuildFile; fileRef = 284B7D341F8CB17C00B4CFB4 /* Observable+Extensions.swift */; };
		284B7D381F8CC14500B4CFB4 /* SimpleTableView.storyboard in Resources */ = {isa = PBXBuildFile; fileRef = 284B7D371F8CC14500B4CFB4 /* SimpleTableView.storyboard */; };
		284B7D3A1F8CC16500B4CFB4 /* ZJSimpleTableViewController.swift in Sources */ = {isa = PBXBuildFile; fileRef = 284B7D391F8CC16500B4CFB4 /* ZJSimpleTableViewController.swift */; };
		287C9C201F72186000D0E8A0 /* String+Height.swift in Sources */ = {isa = PBXBuildFile; fileRef = 287C9C1D1F72186000D0E8A0 /* String+Height.swift */; };
		287C9C211F72186000D0E8A0 /* ZJAFRequestTool.swift in Sources */ = {isa = PBXBuildFile; fileRef = 287C9C1E1F72186000D0E8A0 /* ZJAFRequestTool.swift */; };
		287EE90D1F8C5C1000AF71E9 /* APIWrapper.storyboard in Resources */ = {isa = PBXBuildFile; fileRef = 287EE90C1F8C5C1000AF71E9 /* APIWrapper.storyboard */; };
		287EE90F1F8C5D2B00AF71E9 /* ZJAPIWrapperViewController.swift in Sources */ = {isa = PBXBuildFile; fileRef = 287EE90E1F8C5D2B00AF71E9 /* ZJAPIWrapperViewController.swift */; };
		287EE9141F8C6C7C00AF71E9 /* ZJCalculator.storyboard in Resources */ = {isa = PBXBuildFile; fileRef = 287EE9131F8C6C7C00AF71E9 /* ZJCalculator.storyboard */; };
		287EE9161F8C6CA600AF71E9 /* ZJCalculatorViewController.swift in Sources */ = {isa = PBXBuildFile; fileRef = 287EE9151F8C6CA600AF71E9 /* ZJCalculatorViewController.swift */; };
		287EE9181F8C71A700AF71E9 /* Operators.swift in Sources */ = {isa = PBXBuildFile; fileRef = 287EE9171F8C71A700AF71E9 /* Operators.swift */; };
		288398641F7C92580030C37F /* ZJAddNumViewController.swift in Sources */ = {isa = PBXBuildFile; fileRef = 288398631F7C92580030C37F /* ZJAddNumViewController.swift */; };
		288398661F7C928A0030C37F /* AddNumStory.storyboard in Resources */ = {isa = PBXBuildFile; fileRef = 288398651F7C928A0030C37F /* AddNumStory.storyboard */; };
		288398691F7CBC460030C37F /* SimpleValidation.storyboard in Resources */ = {isa = PBXBuildFile; fileRef = 288398681F7CBC460030C37F /* SimpleValidation.storyboard */; };
		2883986D1F7CBF0B0030C37F /* ZJSimpleValidViewController.swift in Sources */ = {isa = PBXBuildFile; fileRef = 2883986C1F7CBF0B0030C37F /* ZJSimpleValidViewController.swift */; };
		288398721F7CD1090030C37F /* ZJGithubDriving.storyboard in Resources */ = {isa = PBXBuildFile; fileRef = 288398711F7CD1090030C37F /* ZJGithubDriving.storyboard */; };
		288398741F7CD11A0030C37F /* ZJGithubObserver.storyboard in Resources */ = {isa = PBXBuildFile; fileRef = 288398731F7CD11A0030C37F /* ZJGithubObserver.storyboard */; };
		288398761F7CD1330030C37F /* ZJDriverViewController.swift in Sources */ = {isa = PBXBuildFile; fileRef = 288398751F7CD1330030C37F /* ZJDriverViewController.swift */; };
		288398791F7CD14C0030C37F /* ZJObserverViewController.swift in Sources */ = {isa = PBXBuildFile; fileRef = 288398781F7CD14C0030C37F /* ZJObserverViewController.swift */; };
		2883987B1F7CD8F60030C37F /* ZJSignUpProtocols.swift in Sources */ = {isa = PBXBuildFile; fileRef = 2883987A1F7CD8F60030C37F /* ZJSignUpProtocols.swift */; };
		288437461F71022700CEF434 /* RegisterViewModel.swift in Sources */ = {isa = PBXBuildFile; fileRef = 288437451F71022700CEF434 /* RegisterViewModel.swift */; };
		288437481F71023800CEF434 /* Protocol.swift in Sources */ = {isa = PBXBuildFile; fileRef = 288437471F71023800CEF434 /* Protocol.swift */; };
		2884374A1F71024700CEF434 /* Service.swift in Sources */ = {isa = PBXBuildFile; fileRef = 288437491F71024700CEF434 /* Service.swift */; };
		2884374C1F7104E100CEF434 /* RegisterViewController.swift in Sources */ = {isa = PBXBuildFile; fileRef = 2884374B1F7104E100CEF434 /* RegisterViewController.swift */; };
		288589981F723EF60047A6AB /* LoginViewModel.swift in Sources */ = {isa = PBXBuildFile; fileRef = 288589971F723EF60047A6AB /* LoginViewModel.swift */; };
		2889487D1F8DBE810019A5DC /* EditTableView.storyboard in Resources */ = {isa = PBXBuildFile; fileRef = 2889487C1F8DBE810019A5DC /* EditTableView.storyboard */; };
		2889487F1F8DBE9F0019A5DC /* ZJEditTableViewController.swift in Sources */ = {isa = PBXBuildFile; fileRef = 2889487E1F8DBE9F0019A5DC /* ZJEditTableViewController.swift */; };
		288948811F8DC1760019A5DC /* RandomUserAPI.swift in Sources */ = {isa = PBXBuildFile; fileRef = 288948801F8DC1760019A5DC /* RandomUserAPI.swift */; };
		288948831F8DC1860019A5DC /* Users.swift in Sources */ = {isa = PBXBuildFile; fileRef = 288948821F8DC1860019A5DC /* Users.swift */; };
		2899136F1F8F049200166C9E /* ZJUserDetailViewController.swift in Sources */ = {isa = PBXBuildFile; fileRef = 2899136E1F8F049200166C9E /* ZJUserDetailViewController.swift */; };
		2899BC321F5D243B007ED724 /* AppDelegate.swift in Sources */ = {isa = PBXBuildFile; fileRef = 2899BC311F5D243B007ED724 /* AppDelegate.swift */; };
		2899BC341F5D243B007ED724 /* ViewController.swift in Sources */ = {isa = PBXBuildFile; fileRef = 2899BC331F5D243B007ED724 /* ViewController.swift */; };
		2899BC371F5D243B007ED724 /* Main.storyboard in Resources */ = {isa = PBXBuildFile; fileRef = 2899BC351F5D243B007ED724 /* Main.storyboard */; };
		2899BC391F5D243B007ED724 /* Assets.xcassets in Resources */ = {isa = PBXBuildFile; fileRef = 2899BC381F5D243B007ED724 /* Assets.xcassets */; };
		2899BC3C1F5D243C007ED724 /* LaunchScreen.storyboard in Resources */ = {isa = PBXBuildFile; fileRef = 2899BC3A1F5D243C007ED724 /* LaunchScreen.storyboard */; };
		2899BC441F5D2602007ED724 /* ZJLoginInViewController.swift in Sources */ = {isa = PBXBuildFile; fileRef = 2899BC431F5D2602007ED724 /* ZJLoginInViewController.swift */; };
		289E33E11F8B6A9F00FE7D1C /* BindValidationExtension.swift in Sources */ = {isa = PBXBuildFile; fileRef = 289E33E01F8B6A9F00FE7D1C /* BindValidationExtension.swift */; };
		289E33E31F8B75E900FE7D1C /* DriverLoginModel.swift in Sources */ = {isa = PBXBuildFile; fileRef = 289E33E21F8B75E900FE7D1C /* DriverLoginModel.swift */; };
		289F51A21F8DAAD100D95FD2 /* SimpleSectionTableViewController.swift in Sources */ = {isa = PBXBuildFile; fileRef = 289F51A11F8DAAD100D95FD2 /* SimpleSectionTableViewController.swift */; };
		289F51A41F8DAAE400D95FD2 /* SectionTableView.storyboard in Resources */ = {isa = PBXBuildFile; fileRef = 289F51A31F8DAAE400D95FD2 /* SectionTableView.storyboard */; };
		28AC0D021F667E2A0099A279 /* RxCocoa.framework in Frameworks */ = {isa = PBXBuildFile; fileRef = 28AC0D001F667E2A0099A279 /* RxCocoa.framework */; };
		28AC0D031F667E2A0099A279 /* RxSwift.framework in Frameworks */ = {isa = PBXBuildFile; fileRef = 28AC0D011F667E2A0099A279 /* RxSwift.framework */; };
		28C022321F8B4C590008FBBA /* ObservableLoginModel.swift in Sources */ = {isa = PBXBuildFile; fileRef = 28C022311F8B4C590008FBBA /* ObservableLoginModel.swift */; };
		28C022341F8B51090008FBBA /* ValidationAbleService.swift in Sources */ = {isa = PBXBuildFile; fileRef = 28C022331F8B51090008FBBA /* ValidationAbleService.swift */; };
		2E5B004A7B1049560A5B09AD /* Pods_RXSwifTestDemo.framework in Frameworks */ = {isa = PBXBuildFile; fileRef = BE4666AE27A69A2E2D3C55EC /* Pods_RXSwifTestDemo.framework */; };
		C24C370E204F743D00420080 /* MyTestModel.swift in Sources */ = {isa = PBXBuildFile; fileRef = C24C370D204F743D00420080 /* MyTestModel.swift */; };
		CF298376204EDA1C00A520B4 /* SubjectDelegateViewController.swift in Sources */ = {isa = PBXBuildFile; fileRef = CF298374204EDA1C00A520B4 /* SubjectDelegateViewController.swift */; };
		CF298377204EDA1C00A520B4 /* SubjectDelegateViewController.xib in Resources */ = {isa = PBXBuildFile; fileRef = CF298375204EDA1C00A520B4 /* SubjectDelegateViewController.xib */; };
/* End PBXBuildFile section */

/* Begin PBXFileReference section */
		1A1EAC7A4B6212DF6F429045 /* Pods-RXSwifTestDemo.release.xcconfig */ = {isa = PBXFileReference; includeInIndex = 1; lastKnownFileType = text.xcconfig; name = "Pods-RXSwifTestDemo.release.xcconfig"; path = "Pods/Target Support Files/Pods-RXSwifTestDemo/Pods-RXSwifTestDemo.release.xcconfig"; sourceTree = "<group>"; };
		283F9C591F7C8F5400D0F515 /* TestLogin.storyboard */ = {isa = PBXFileReference; lastKnownFileType = file.storyboard; path = TestLogin.storyboard; sourceTree = "<group>"; };
		284B7D321F8C9F8E00B4CFB4 /* CalculatorModel.swift */ = {isa = PBXFileReference; lastKnownFileType = sourcecode.swift; path = CalculatorModel.swift; sourceTree = "<group>"; };
		284B7D341F8CB17C00B4CFB4 /* Observable+Extensions.swift */ = {isa = PBXFileReference; lastKnownFileType = sourcecode.swift; path = "Observable+Extensions.swift"; sourceTree = "<group>"; };
		284B7D371F8CC14500B4CFB4 /* SimpleTableView.storyboard */ = {isa = PBXFileReference; lastKnownFileType = file.storyboard; path = SimpleTableView.storyboard; sourceTree = "<group>"; };
		284B7D391F8CC16500B4CFB4 /* ZJSimpleTableViewController.swift */ = {isa = PBXFileReference; lastKnownFileType = sourcecode.swift; path = ZJSimpleTableViewController.swift; sourceTree = "<group>"; };
		287C9C1D1F72186000D0E8A0 /* String+Height.swift */ = {isa = PBXFileReference; fileEncoding = 4; lastKnownFileType = sourcecode.swift; path = "String+Height.swift"; sourceTree = "<group>"; };
		287C9C1E1F72186000D0E8A0 /* ZJAFRequestTool.swift */ = {isa = PBXFileReference; fileEncoding = 4; lastKnownFileType = sourcecode.swift; path = ZJAFRequestTool.swift; sourceTree = "<group>"; };
		287EE90C1F8C5C1000AF71E9 /* APIWrapper.storyboard */ = {isa = PBXFileReference; lastKnownFileType = file.storyboard; path = APIWrapper.storyboard; sourceTree = "<group>"; };
		287EE90E1F8C5D2B00AF71E9 /* ZJAPIWrapperViewController.swift */ = {isa = PBXFileReference; lastKnownFileType = sourcecode.swift; path = ZJAPIWrapperViewController.swift; sourceTree = "<group>"; };
		287EE9131F8C6C7C00AF71E9 /* ZJCalculator.storyboard */ = {isa = PBXFileReference; lastKnownFileType = file.storyboard; path = ZJCalculator.storyboard; sourceTree = "<group>"; };
		287EE9151F8C6CA600AF71E9 /* ZJCalculatorViewController.swift */ = {isa = PBXFileReference; lastKnownFileType = sourcecode.swift; path = ZJCalculatorViewController.swift; sourceTree = "<group>"; };
		287EE9171F8C71A700AF71E9 /* Operators.swift */ = {isa = PBXFileReference; lastKnownFileType = sourcecode.swift; path = Operators.swift; sourceTree = "<group>"; };
		288398631F7C92580030C37F /* ZJAddNumViewController.swift */ = {isa = PBXFileReference; lastKnownFileType = sourcecode.swift; path = ZJAddNumViewController.swift; sourceTree = "<group>"; };
		288398651F7C928A0030C37F /* AddNumStory.storyboard */ = {isa = PBXFileReference; lastKnownFileType = file.storyboard; path = AddNumStory.storyboard; sourceTree = "<group>"; };
		288398681F7CBC460030C37F /* SimpleValidation.storyboard */ = {isa = PBXFileReference; lastKnownFileType = file.storyboard; path = SimpleValidation.storyboard; sourceTree = "<group>"; };
		2883986C1F7CBF0B0030C37F /* ZJSimpleValidViewController.swift */ = {isa = PBXFileReference; lastKnownFileType = sourcecode.swift; path = ZJSimpleValidViewController.swift; sourceTree = "<group>"; };
		288398711F7CD1090030C37F /* ZJGithubDriving.storyboard */ = {isa = PBXFileReference; lastKnownFileType = file.storyboard; path = ZJGithubDriving.storyboard; sourceTree = "<group>"; };
		288398731F7CD11A0030C37F /* ZJGithubObserver.storyboard */ = {isa = PBXFileReference; lastKnownFileType = file.storyboard; path = ZJGithubObserver.storyboard; sourceTree = "<group>"; };
		288398751F7CD1330030C37F /* ZJDriverViewController.swift */ = {isa = PBXFileReference; lastKnownFileType = sourcecode.swift; path = ZJDriverViewController.swift; sourceTree = "<group>"; };
		288398781F7CD14C0030C37F /* ZJObserverViewController.swift */ = {isa = PBXFileReference; lastKnownFileType = sourcecode.swift; path = ZJObserverViewController.swift; sourceTree = "<group>"; };
		2883987A1F7CD8F60030C37F /* ZJSignUpProtocols.swift */ = {isa = PBXFileReference; lastKnownFileType = sourcecode.swift; path = ZJSignUpProtocols.swift; sourceTree = "<group>"; };
		288437451F71022700CEF434 /* RegisterViewModel.swift */ = {isa = PBXFileReference; fileEncoding = 4; lastKnownFileType = sourcecode.swift; path = RegisterViewModel.swift; sourceTree = "<group>"; };
		288437471F71023800CEF434 /* Protocol.swift */ = {isa = PBXFileReference; fileEncoding = 4; lastKnownFileType = sourcecode.swift; path = Protocol.swift; sourceTree = "<group>"; };
		288437491F71024700CEF434 /* Service.swift */ = {isa = PBXFileReference; fileEncoding = 4; lastKnownFileType = sourcecode.swift; path = Service.swift; sourceTree = "<group>"; };
		2884374B1F7104E100CEF434 /* RegisterViewController.swift */ = {isa = PBXFileReference; fileEncoding = 4; lastKnownFileType = sourcecode.swift; path = RegisterViewController.swift; sourceTree = "<group>"; };
		288589971F723EF60047A6AB /* LoginViewModel.swift */ = {isa = PBXFileReference; lastKnownFileType = sourcecode.swift; path = LoginViewModel.swift; sourceTree = "<group>"; };
		2889487C1F8DBE810019A5DC /* EditTableView.storyboard */ = {isa = PBXFileReference; lastKnownFileType = file.storyboard; path = EditTableView.storyboard; sourceTree = "<group>"; };
		2889487E1F8DBE9F0019A5DC /* ZJEditTableViewController.swift */ = {isa = PBXFileReference; lastKnownFileType = sourcecode.swift; path = ZJEditTableViewController.swift; sourceTree = "<group>"; };
		288948801F8DC1760019A5DC /* RandomUserAPI.swift */ = {isa = PBXFileReference; lastKnownFileType = sourcecode.swift; path = RandomUserAPI.swift; sourceTree = "<group>"; };
		288948821F8DC1860019A5DC /* Users.swift */ = {isa = PBXFileReference; lastKnownFileType = sourcecode.swift; path = Users.swift; sourceTree = "<group>"; };
		2899136E1F8F049200166C9E /* ZJUserDetailViewController.swift */ = {isa = PBXFileReference; lastKnownFileType = sourcecode.swift; path = ZJUserDetailViewController.swift; sourceTree = "<group>"; };
		2899BC2E1F5D243A007ED724 /* RXSwifTestDemo.app */ = {isa = PBXFileReference; explicitFileType = wrapper.application; includeInIndex = 0; path = RXSwifTestDemo.app; sourceTree = BUILT_PRODUCTS_DIR; };
		2899BC311F5D243B007ED724 /* AppDelegate.swift */ = {isa = PBXFileReference; lastKnownFileType = sourcecode.swift; path = AppDelegate.swift; sourceTree = "<group>"; };
		2899BC331F5D243B007ED724 /* ViewController.swift */ = {isa = PBXFileReference; lastKnownFileType = sourcecode.swift; path = ViewController.swift; sourceTree = "<group>"; };
		2899BC361F5D243B007ED724 /* Base */ = {isa = PBXFileReference; lastKnownFileType = file.storyboard; name = Base; path = Base.lproj/Main.storyboard; sourceTree = "<group>"; };
		2899BC381F5D243B007ED724 /* Assets.xcassets */ = {isa = PBXFileReference; lastKnownFileType = folder.assetcatalog; path = Assets.xcassets; sourceTree = "<group>"; };
		2899BC3B1F5D243C007ED724 /* Base */ = {isa = PBXFileReference; lastKnownFileType = file.storyboard; name = Base; path = Base.lproj/LaunchScreen.storyboard; sourceTree = "<group>"; };
		2899BC3D1F5D243C007ED724 /* Info.plist */ = {isa = PBXFileReference; lastKnownFileType = text.plist.xml; path = Info.plist; sourceTree = "<group>"; };
		2899BC431F5D2602007ED724 /* ZJLoginInViewController.swift */ = {isa = PBXFileReference; fileEncoding = 4; lastKnownFileType = sourcecode.swift; path = ZJLoginInViewController.swift; sourceTree = "<group>"; };
		289E33E01F8B6A9F00FE7D1C /* BindValidationExtension.swift */ = {isa = PBXFileReference; lastKnownFileType = sourcecode.swift; path = BindValidationExtension.swift; sourceTree = "<group>"; };
		289E33E21F8B75E900FE7D1C /* DriverLoginModel.swift */ = {isa = PBXFileReference; lastKnownFileType = sourcecode.swift; path = DriverLoginModel.swift; sourceTree = "<group>"; };
		289F51A11F8DAAD100D95FD2 /* SimpleSectionTableViewController.swift */ = {isa = PBXFileReference; lastKnownFileType = sourcecode.swift; path = SimpleSectionTableViewController.swift; sourceTree = "<group>"; };
		289F51A31F8DAAE400D95FD2 /* SectionTableView.storyboard */ = {isa = PBXFileReference; lastKnownFileType = file.storyboard; path = SectionTableView.storyboard; sourceTree = "<group>"; };
		28AC0D001F667E2A0099A279 /* RxCocoa.framework */ = {isa = PBXFileReference; lastKnownFileType = wrapper.framework; name = RxCocoa.framework; path = "../../../Library/Developer/Xcode/DerivedData/RXSwifTestDemo-bqwewuxuymrkmuffhistntskrzth/Build/Products/Debug-iphoneos/RxCocoa/RxCocoa.framework"; sourceTree = "<group>"; };
		28AC0D011F667E2A0099A279 /* RxSwift.framework */ = {isa = PBXFileReference; lastKnownFileType = wrapper.framework; name = RxSwift.framework; path = "../../../Library/Developer/Xcode/DerivedData/RXSwifTestDemo-bqwewuxuymrkmuffhistntskrzth/Build/Products/Debug-iphoneos/RxSwift/RxSwift.framework"; sourceTree = "<group>"; };
		28C022311F8B4C590008FBBA /* ObservableLoginModel.swift */ = {isa = PBXFileReference; lastKnownFileType = sourcecode.swift; path = ObservableLoginModel.swift; sourceTree = "<group>"; };
		28C022331F8B51090008FBBA /* ValidationAbleService.swift */ = {isa = PBXFileReference; lastKnownFileType = sourcecode.swift; path = ValidationAbleService.swift; sourceTree = "<group>"; };
		3CC5FF772988DD5F55764505 /* Pods-RXSwifTestDemo.debug.xcconfig */ = {isa = PBXFileReference; includeInIndex = 1; lastKnownFileType = text.xcconfig; name = "Pods-RXSwifTestDemo.debug.xcconfig"; path = "Pods/Target Support Files/Pods-RXSwifTestDemo/Pods-RXSwifTestDemo.debug.xcconfig"; sourceTree = "<group>"; };
		BE4666AE27A69A2E2D3C55EC /* Pods_RXSwifTestDemo.framework */ = {isa = PBXFileReference; explicitFileType = wrapper.framework; includeInIndex = 0; path = Pods_RXSwifTestDemo.framework; sourceTree = BUILT_PRODUCTS_DIR; };
		C24C370D204F743D00420080 /* MyTestModel.swift */ = {isa = PBXFileReference; lastKnownFileType = sourcecode.swift; path = MyTestModel.swift; sourceTree = "<group>"; };
		CF298374204EDA1C00A520B4 /* SubjectDelegateViewController.swift */ = {isa = PBXFileReference; lastKnownFileType = sourcecode.swift; path = SubjectDelegateViewController.swift; sourceTree = "<group>"; };
		CF298375204EDA1C00A520B4 /* SubjectDelegateViewController.xib */ = {isa = PBXFileReference; lastKnownFileType = file.xib; path = SubjectDelegateViewController.xib; sourceTree = "<group>"; };
/* End PBXFileReference section */

/* Begin PBXFrameworksBuildPhase section */
		2899BC2B1F5D243A007ED724 /* Frameworks */ = {
			isa = PBXFrameworksBuildPhase;
			buildActionMask = 2147483647;
			files = (
				28AC0D021F667E2A0099A279 /* RxCocoa.framework in Frameworks */,
				28AC0D031F667E2A0099A279 /* RxSwift.framework in Frameworks */,
				2E5B004A7B1049560A5B09AD /* Pods_RXSwifTestDemo.framework in Frameworks */,
			);
			runOnlyForDeploymentPostprocessing = 0;
		};
/* End PBXFrameworksBuildPhase section */

/* Begin PBXGroup section */
		284B7D361F8CC12A00B4CFB4 /* SimpleTableView */ = {
			isa = PBXGroup;
			children = (
				284B7D371F8CC14500B4CFB4 /* SimpleTableView.storyboard */,
				284B7D391F8CC16500B4CFB4 /* ZJSimpleTableViewController.swift */,
			);
			path = SimpleTableView;
			sourceTree = "<group>";
		};
		287C9C1C1F72186000D0E8A0 /* SwiftTools */ = {
			isa = PBXGroup;
			children = (
				287C9C1D1F72186000D0E8A0 /* String+Height.swift */,
				287C9C1E1F72186000D0E8A0 /* ZJAFRequestTool.swift */,
			);
			path = SwiftTools;
			sourceTree = "<group>";
		};
		287EE90B1F8C5BE200AF71E9 /* APIWrapper */ = {
			isa = PBXGroup;
			children = (
				287EE90C1F8C5C1000AF71E9 /* APIWrapper.storyboard */,
				287EE90E1F8C5D2B00AF71E9 /* ZJAPIWrapperViewController.swift */,
			);
			path = APIWrapper;
			sourceTree = "<group>";
		};
		287EE9101F8C6B7400AF71E9 /* Calculator */ = {
			isa = PBXGroup;
			children = (
				287EE9131F8C6C7C00AF71E9 /* ZJCalculator.storyboard */,
				287EE9151F8C6CA600AF71E9 /* ZJCalculatorViewController.swift */,
				284B7D321F8C9F8E00B4CFB4 /* CalculatorModel.swift */,
			);
			path = Calculator;
			sourceTree = "<group>";
		};
		288398621F7C92350030C37F /* AddNumber */ = {
			isa = PBXGroup;
			children = (
				288398631F7C92580030C37F /* ZJAddNumViewController.swift */,
				288398651F7C928A0030C37F /* AddNumStory.storyboard */,
			);
			path = AddNumber;
			sourceTree = "<group>";
		};
		288398671F7CA2380030C37F /* Simple Validation */ = {
			isa = PBXGroup;
			children = (
				288398681F7CBC460030C37F /* SimpleValidation.storyboard */,
				2883986C1F7CBF0B0030C37F /* ZJSimpleValidViewController.swift */,
			);
			path = "Simple Validation";
			sourceTree = "<group>";
		};
		2883986E1F7CD05B0030C37F /* GitHubSignup */ = {
			isa = PBXGroup;
			children = (
				288398701F7CD0DA0030C37F /* Driver */,
				2883986F1F7CD0C60030C37F /* Obvservables */,
				2883987A1F7CD8F60030C37F /* ZJSignUpProtocols.swift */,
				28C022331F8B51090008FBBA /* ValidationAbleService.swift */,
				289E33E01F8B6A9F00FE7D1C /* BindValidationExtension.swift */,
			);
			path = GitHubSignup;
			sourceTree = "<group>";
		};
		2883986F1F7CD0C60030C37F /* Obvservables */ = {
			isa = PBXGroup;
			children = (
				288398731F7CD11A0030C37F /* ZJGithubObserver.storyboard */,
				288398781F7CD14C0030C37F /* ZJObserverViewController.swift */,
				28C022311F8B4C590008FBBA /* ObservableLoginModel.swift */,
			);
			path = Obvservables;
			sourceTree = "<group>";
		};
		288398701F7CD0DA0030C37F /* Driver */ = {
			isa = PBXGroup;
			children = (
				288398711F7CD1090030C37F /* ZJGithubDriving.storyboard */,
				288398751F7CD1330030C37F /* ZJDriverViewController.swift */,
				289E33E21F8B75E900FE7D1C /* DriverLoginModel.swift */,
			);
			path = Driver;
			sourceTree = "<group>";
		};
		288437441F7100FC00CEF434 /* LoginService */ = {
			isa = PBXGroup;
			children = (
				283F9C591F7C8F5400D0F515 /* TestLogin.storyboard */,
				2899BC431F5D2602007ED724 /* ZJLoginInViewController.swift */,
				288437451F71022700CEF434 /* RegisterViewModel.swift */,
				288437471F71023800CEF434 /* Protocol.swift */,
				288437491F71024700CEF434 /* Service.swift */,
				2884374B1F7104E100CEF434 /* RegisterViewController.swift */,
				288589971F723EF60047A6AB /* LoginViewModel.swift */,
			);
			path = LoginService;
			sourceTree = "<group>";
		};
		2889487B1F8DBE0C0019A5DC /* TableviewWithEdit */ = {
			isa = PBXGroup;
			children = (
				2889487C1F8DBE810019A5DC /* EditTableView.storyboard */,
				2889487E1F8DBE9F0019A5DC /* ZJEditTableViewController.swift */,
				288948801F8DC1760019A5DC /* RandomUserAPI.swift */,
				288948821F8DC1860019A5DC /* Users.swift */,
				2899136E1F8F049200166C9E /* ZJUserDetailViewController.swift */,
			);
			path = TableviewWithEdit;
			sourceTree = "<group>";
		};
		2899BC251F5D243A007ED724 = {
			isa = PBXGroup;
			children = (
				2899BC301F5D243A007ED724 /* RXSwifTestDemo */,
				2899BC2F1F5D243A007ED724 /* Products */,
				98797EAAC11DAFCF76DEE125 /* Pods */,
				54C100911E565B267E53F3F5 /* Frameworks */,
			);
			sourceTree = "<group>";
		};
		2899BC2F1F5D243A007ED724 /* Products */ = {
			isa = PBXGroup;
			children = (
				2899BC2E1F5D243A007ED724 /* RXSwifTestDemo.app */,
			);
			name = Products;
			sourceTree = "<group>";
		};
		2899BC301F5D243A007ED724 /* RXSwifTestDemo */ = {
			isa = PBXGroup;
			children = (
				289D34DB1F7BA54000F3A567 /* RXTestCopy */,
				287C9C1C1F72186000D0E8A0 /* SwiftTools */,
				288437441F7100FC00CEF434 /* LoginService */,
				2899BC311F5D243B007ED724 /* AppDelegate.swift */,
				2899BC331F5D243B007ED724 /* ViewController.swift */,
				284B7D341F8CB17C00B4CFB4 /* Observable+Extensions.swift */,
				287EE9171F8C71A700AF71E9 /* Operators.swift */,
				2899BC351F5D243B007ED724 /* Main.storyboard */,
				2899BC381F5D243B007ED724 /* Assets.xcassets */,
				2899BC3A1F5D243C007ED724 /* LaunchScreen.storyboard */,
				2899BC3D1F5D243C007ED724 /* Info.plist */,
			);
			path = RXSwifTestDemo;
			sourceTree = "<group>";
		};
		289D34DB1F7BA54000F3A567 /* RXTestCopy */ = {
			isa = PBXGroup;
			children = (
				2889487B1F8DBE0C0019A5DC /* TableviewWithEdit */,
				289F51A01F8DAAA800D95FD2 /* SimpleTableViewSection */,
				284B7D361F8CC12A00B4CFB4 /* SimpleTableView */,
				287EE9101F8C6B7400AF71E9 /* Calculator */,
				287EE90B1F8C5BE200AF71E9 /* APIWrapper */,
				2883986E1F7CD05B0030C37F /* GitHubSignup */,
				288398671F7CA2380030C37F /* Simple Validation */,
				288398621F7C92350030C37F /* AddNumber */,
			);
			path = RXTestCopy;
			sourceTree = "<group>";
		};
		289F51A01F8DAAA800D95FD2 /* SimpleTableViewSection */ = {
			isa = PBXGroup;
			children = (
				289F51A11F8DAAD100D95FD2 /* SimpleSectionTableViewController.swift */,
				289F51A31F8DAAE400D95FD2 /* SectionTableView.storyboard */,
				CF298374204EDA1C00A520B4 /* SubjectDelegateViewController.swift */,
				CF298375204EDA1C00A520B4 /* SubjectDelegateViewController.xib */,
				C24C370D204F743D00420080 /* MyTestModel.swift */,
			);
			path = SimpleTableViewSection;
			sourceTree = "<group>";
		};
		54C100911E565B267E53F3F5 /* Frameworks */ = {
			isa = PBXGroup;
			children = (
				28AC0D001F667E2A0099A279 /* RxCocoa.framework */,
				28AC0D011F667E2A0099A279 /* RxSwift.framework */,
				BE4666AE27A69A2E2D3C55EC /* Pods_RXSwifTestDemo.framework */,
			);
			name = Frameworks;
			sourceTree = "<group>";
		};
		98797EAAC11DAFCF76DEE125 /* Pods */ = {
			isa = PBXGroup;
			children = (
				3CC5FF772988DD5F55764505 /* Pods-RXSwifTestDemo.debug.xcconfig */,
				1A1EAC7A4B6212DF6F429045 /* Pods-RXSwifTestDemo.release.xcconfig */,
			);
			name = Pods;
			sourceTree = "<group>";
		};
/* End PBXGroup section */

/* Begin PBXNativeTarget section */
		2899BC2D1F5D243A007ED724 /* RXSwifTestDemo */ = {
			isa = PBXNativeTarget;
			buildConfigurationList = 2899BC401F5D243C007ED724 /* Build configuration list for PBXNativeTarget "RXSwifTestDemo" */;
			buildPhases = (
				675005D6B84FAEDD7C268AE8 /* [CP] Check Pods Manifest.lock */,
				2899BC2A1F5D243A007ED724 /* Sources */,
				2899BC2B1F5D243A007ED724 /* Frameworks */,
				2899BC2C1F5D243A007ED724 /* Resources */,
				B72B67D7A22B1A8819B7019F /* [CP] Embed Pods Frameworks */,
				A2DAFD44D1E573C678B0A7D1 /* [CP] Copy Pods Resources */,
			);
			buildRules = (
			);
			dependencies = (
			);
			name = RXSwifTestDemo;
			productName = RXSwifTestDemo;
			productReference = 2899BC2E1F5D243A007ED724 /* RXSwifTestDemo.app */;
			productType = "com.apple.product-type.application";
		};
/* End PBXNativeTarget section */

/* Begin PBXProject section */
		2899BC261F5D243A007ED724 /* Project object */ = {
			isa = PBXProject;
			attributes = {
				LastSwiftUpdateCheck = 0830;
				LastUpgradeCheck = 0830;
				ORGANIZATIONNAME = DFHZ;
				TargetAttributes = {
					2899BC2D1F5D243A007ED724 = {
						CreatedOnToolsVersion = 8.3.3;
						DevelopmentTeam = 4A75LEU8F4;
						ProvisioningStyle = Automatic;
					};
				};
			};
			buildConfigurationList = 2899BC291F5D243A007ED724 /* Build configuration list for PBXProject "RXSwifTestDemo" */;
			compatibilityVersion = "Xcode 3.2";
			developmentRegion = English;
			hasScannedForEncodings = 0;
			knownRegions = (
				en,
				Base,
			);
			mainGroup = 2899BC251F5D243A007ED724;
			productRefGroup = 2899BC2F1F5D243A007ED724 /* Products */;
			projectDirPath = "";
			projectRoot = "";
			targets = (
				2899BC2D1F5D243A007ED724 /* RXSwifTestDemo */,
			);
		};
/* End PBXProject section */

/* Begin PBXResourcesBuildPhase section */
		2899BC2C1F5D243A007ED724 /* Resources */ = {
			isa = PBXResourcesBuildPhase;
			buildActionMask = 2147483647;
			files = (
				283F9C5A1F7C8F5400D0F515 /* TestLogin.storyboard in Resources */,
				284B7D381F8CC14500B4CFB4 /* SimpleTableView.storyboard in Resources */,
				2889487D1F8DBE810019A5DC /* EditTableView.storyboard in Resources */,
				289F51A41F8DAAE400D95FD2 /* SectionTableView.storyboard in Resources */,
				288398741F7CD11A0030C37F /* ZJGithubObserver.storyboard in Resources */,
				288398661F7C928A0030C37F /* AddNumStory.storyboard in Resources */,
				CF298377204EDA1C00A520B4 /* SubjectDelegateViewController.xib in Resources */,
				2899BC3C1F5D243C007ED724 /* LaunchScreen.storyboard in Resources */,
				287EE90D1F8C5C1000AF71E9 /* APIWrapper.storyboard in Resources */,
				2899BC391F5D243B007ED724 /* Assets.xcassets in Resources */,
				287EE9141F8C6C7C00AF71E9 /* ZJCalculator.storyboard in Resources */,
				2899BC371F5D243B007ED724 /* Main.storyboard in Resources */,
				288398691F7CBC460030C37F /* SimpleValidation.storyboard in Resources */,
				288398721F7CD1090030C37F /* ZJGithubDriving.storyboard in Resources */,
			);
			runOnlyForDeploymentPostprocessing = 0;
		};
/* End PBXResourcesBuildPhase section */

/* Begin PBXShellScriptBuildPhase section */
		675005D6B84FAEDD7C268AE8 /* [CP] Check Pods Manifest.lock */ = {
			isa = PBXShellScriptBuildPhase;
			buildActionMask = 2147483647;
			files = (
			);
			inputPaths = (
			);
			name = "[CP] Check Pods Manifest.lock";
			outputPaths = (
			);
			runOnlyForDeploymentPostprocessing = 0;
			shellPath = /bin/sh;
			shellScript = "diff \"${PODS_ROOT}/../Podfile.lock\" \"${PODS_ROOT}/Manifest.lock\" > /dev/null\nif [ $? != 0 ] ; then\n    # print error to STDERR\n    echo \"error: The sandbox is not in sync with the Podfile.lock. Run 'pod install' or update your CocoaPods installation.\" >&2\n    exit 1\nfi\n";
			showEnvVarsInLog = 0;
		};
		A2DAFD44D1E573C678B0A7D1 /* [CP] Copy Pods Resources */ = {
			isa = PBXShellScriptBuildPhase;
			buildActionMask = 2147483647;
			files = (
			);
			inputPaths = (
			);
			name = "[CP] Copy Pods Resources";
			outputPaths = (
			);
			runOnlyForDeploymentPostprocessing = 0;
			shellPath = /bin/sh;
			shellScript = "\"${SRCROOT}/Pods/Target Support Files/Pods-RXSwifTestDemo/Pods-RXSwifTestDemo-resources.sh\"\n";
			showEnvVarsInLog = 0;
		};
		B72B67D7A22B1A8819B7019F /* [CP] Embed Pods Frameworks */ = {
			isa = PBXShellScriptBuildPhase;
			buildActionMask = 2147483647;
			files = (
			);
			inputPaths = (
			);
			name = "[CP] Embed Pods Frameworks";
			outputPaths = (
			);
			runOnlyForDeploymentPostprocessing = 0;
			shellPath = /bin/sh;
			shellScript = "\"${SRCROOT}/Pods/Target Support Files/Pods-RXSwifTestDemo/Pods-RXSwifTestDemo-frameworks.sh\"\n";
			showEnvVarsInLog = 0;
		};
/* End PBXShellScriptBuildPhase section */

/* Begin PBXSourcesBuildPhase section */
		2899BC2A1F5D243A007ED724 /* Sources */ = {
			isa = PBXSourcesBuildPhase;
			buildActionMask = 2147483647;
			files = (
				2899136F1F8F049200166C9E /* ZJUserDetailViewController.swift in Sources */,
				288948811F8DC1760019A5DC /* RandomUserAPI.swift in Sources */,
				2899BC441F5D2602007ED724 /* ZJLoginInViewController.swift in Sources */,
				C24C370E204F743D00420080 /* MyTestModel.swift in Sources */,
				287C9C211F72186000D0E8A0 /* ZJAFRequestTool.swift in Sources */,
				2883987B1F7CD8F60030C37F /* ZJSignUpProtocols.swift in Sources */,
				289E33E11F8B6A9F00FE7D1C /* BindValidationExtension.swift in Sources */,
				2889487F1F8DBE9F0019A5DC /* ZJEditTableViewController.swift in Sources */,
				287C9C201F72186000D0E8A0 /* String+Height.swift in Sources */,
				28C022321F8B4C590008FBBA /* ObservableLoginModel.swift in Sources */,
				2883986D1F7CBF0B0030C37F /* ZJSimpleValidViewController.swift in Sources */,
				2899BC341F5D243B007ED724 /* ViewController.swift in Sources */,
				289E33E31F8B75E900FE7D1C /* DriverLoginModel.swift in Sources */,
				284B7D331F8C9F8E00B4CFB4 /* CalculatorModel.swift in Sources */,
				2884374C1F7104E100CEF434 /* RegisterViewController.swift in Sources */,
				288398641F7C92580030C37F /* ZJAddNumViewController.swift in Sources */,
				28C022341F8B51090008FBBA /* ValidationAbleService.swift in Sources */,
				2899BC321F5D243B007ED724 /* AppDelegate.swift in Sources */,
				289F51A21F8DAAD100D95FD2 /* SimpleSectionTableViewController.swift in Sources */,
				288437461F71022700CEF434 /* RegisterViewModel.swift in Sources */,
				287EE9161F8C6CA600AF71E9 /* ZJCalculatorViewController.swift in Sources */,
				287EE90F1F8C5D2B00AF71E9 /* ZJAPIWrapperViewController.swift in Sources */,
				288948831F8DC1860019A5DC /* Users.swift in Sources */,
				288437481F71023800CEF434 /* Protocol.swift in Sources */,
				287EE9181F8C71A700AF71E9 /* Operators.swift in Sources */,
				288398791F7CD14C0030C37F /* ZJObserverViewController.swift in Sources */,
				288589981F723EF60047A6AB /* LoginViewModel.swift in Sources */,
				2884374A1F71024700CEF434 /* Service.swift in Sources */,
				CF298376204EDA1C00A520B4 /* SubjectDelegateViewController.swift in Sources */,
				284B7D351F8CB17D00B4CFB4 /* Observable+Extensions.swift in Sources */,
				288398761F7CD1330030C37F /* ZJDriverViewController.swift in Sources */,
				284B7D3A1F8CC16500B4CFB4 /* ZJSimpleTableViewController.swift in Sources */,
			);
			runOnlyForDeploymentPostprocessing = 0;
		};
/* End PBXSourcesBuildPhase section */

/* Begin PBXVariantGroup section */
		2899BC351F5D243B007ED724 /* Main.storyboard */ = {
			isa = PBXVariantGroup;
			children = (
				2899BC361F5D243B007ED724 /* Base */,
			);
			name = Main.storyboard;
			sourceTree = "<group>";
		};
		2899BC3A1F5D243C007ED724 /* LaunchScreen.storyboard */ = {
			isa = PBXVariantGroup;
			children = (
				2899BC3B1F5D243C007ED724 /* Base */,
			);
			name = LaunchScreen.storyboard;
			sourceTree = "<group>";
		};
/* End PBXVariantGroup section */

/* Begin XCBuildConfiguration section */
		2899BC3E1F5D243C007ED724 /* Debug */ = {
			isa = XCBuildConfiguration;
			buildSettings = {
				ALWAYS_SEARCH_USER_PATHS = NO;
				CLANG_ANALYZER_NONNULL = YES;
				CLANG_ANALYZER_NUMBER_OBJECT_CONVERSION = YES_AGGRESSIVE;
				CLANG_CXX_LANGUAGE_STANDARD = "gnu++0x";
				CLANG_CXX_LIBRARY = "libc++";
				CLANG_ENABLE_MODULES = YES;
				CLANG_ENABLE_OBJC_ARC = YES;
				CLANG_WARN_BOOL_CONVERSION = YES;
				CLANG_WARN_CONSTANT_CONVERSION = YES;
				CLANG_WARN_DIRECT_OBJC_ISA_USAGE = YES_ERROR;
				CLANG_WARN_DOCUMENTATION_COMMENTS = YES;
				CLANG_WARN_EMPTY_BODY = YES;
				CLANG_WARN_ENUM_CONVERSION = YES;
				CLANG_WARN_INFINITE_RECURSION = YES;
				CLANG_WARN_INT_CONVERSION = YES;
				CLANG_WARN_OBJC_ROOT_CLASS = YES_ERROR;
				CLANG_WARN_SUSPICIOUS_MOVE = YES;
				CLANG_WARN_UNREACHABLE_CODE = YES;
				CLANG_WARN__DUPLICATE_METHOD_MATCH = YES;
				"CODE_SIGN_IDENTITY[sdk=iphoneos*]" = "iPhone Developer";
				COPY_PHASE_STRIP = NO;
				DEBUG_INFORMATION_FORMAT = dwarf;
				ENABLE_STRICT_OBJC_MSGSEND = YES;
				ENABLE_TESTABILITY = YES;
				GCC_C_LANGUAGE_STANDARD = gnu99;
				GCC_DYNAMIC_NO_PIC = NO;
				GCC_NO_COMMON_BLOCKS = YES;
				GCC_OPTIMIZATION_LEVEL = 0;
				GCC_PREPROCESSOR_DEFINITIONS = (
					"DEBUG=1",
					"$(inherited)",
				);
				GCC_WARN_64_TO_32_BIT_CONVERSION = YES;
				GCC_WARN_ABOUT_RETURN_TYPE = YES_ERROR;
				GCC_WARN_UNDECLARED_SELECTOR = YES;
				GCC_WARN_UNINITIALIZED_AUTOS = YES_AGGRESSIVE;
				GCC_WARN_UNUSED_FUNCTION = YES;
				GCC_WARN_UNUSED_VARIABLE = YES;
				IPHONEOS_DEPLOYMENT_TARGET = 10.3;
				MTL_ENABLE_DEBUG_INFO = YES;
				ONLY_ACTIVE_ARCH = YES;
				SDKROOT = iphoneos;
				SWIFT_ACTIVE_COMPILATION_CONDITIONS = DEBUG;
				SWIFT_OPTIMIZATION_LEVEL = "-Onone";
				TARGETED_DEVICE_FAMILY = "1,2";
			};
			name = Debug;
		};
		2899BC3F1F5D243C007ED724 /* Release */ = {
			isa = XCBuildConfiguration;
			buildSettings = {
				ALWAYS_SEARCH_USER_PATHS = NO;
				CLANG_ANALYZER_NONNULL = YES;
				CLANG_ANALYZER_NUMBER_OBJECT_CONVERSION = YES_AGGRESSIVE;
				CLANG_CXX_LANGUAGE_STANDARD = "gnu++0x";
				CLANG_CXX_LIBRARY = "libc++";
				CLANG_ENABLE_MODULES = YES;
				CLANG_ENABLE_OBJC_ARC = YES;
				CLANG_WARN_BOOL_CONVERSION = YES;
				CLANG_WARN_CONSTANT_CONVERSION = YES;
				CLANG_WARN_DIRECT_OBJC_ISA_USAGE = YES_ERROR;
				CLANG_WARN_DOCUMENTATION_COMMENTS = YES;
				CLANG_WARN_EMPTY_BODY = YES;
				CLANG_WARN_ENUM_CONVERSION = YES;
				CLANG_WARN_INFINITE_RECURSION = YES;
				CLANG_WARN_INT_CONVERSION = YES;
				CLANG_WARN_OBJC_ROOT_CLASS = YES_ERROR;
				CLANG_WARN_SUSPICIOUS_MOVE = YES;
				CLANG_WARN_UNREACHABLE_CODE = YES;
				CLANG_WARN__DUPLICATE_METHOD_MATCH = YES;
				"CODE_SIGN_IDENTITY[sdk=iphoneos*]" = "iPhone Developer";
				COPY_PHASE_STRIP = NO;
				DEBUG_INFORMATION_FORMAT = "dwarf-with-dsym";
				ENABLE_NS_ASSERTIONS = NO;
				ENABLE_STRICT_OBJC_MSGSEND = YES;
				GCC_C_LANGUAGE_STANDARD = gnu99;
				GCC_NO_COMMON_BLOCKS = YES;
				GCC_WARN_64_TO_32_BIT_CONVERSION = YES;
				GCC_WARN_ABOUT_RETURN_TYPE = YES_ERROR;
				GCC_WARN_UNDECLARED_SELECTOR = YES;
				GCC_WARN_UNINITIALIZED_AUTOS = YES_AGGRESSIVE;
				GCC_WARN_UNUSED_FUNCTION = YES;
				GCC_WARN_UNUSED_VARIABLE = YES;
				IPHONEOS_DEPLOYMENT_TARGET = 10.3;
				MTL_ENABLE_DEBUG_INFO = NO;
				SDKROOT = iphoneos;
				SWIFT_OPTIMIZATION_LEVEL = "-Owholemodule";
				TARGETED_DEVICE_FAMILY = "1,2";
				VALIDATE_PRODUCT = YES;
			};
			name = Release;
		};
		2899BC411F5D243C007ED724 /* Debug */ = {
			isa = XCBuildConfiguration;
			baseConfigurationReference = 3CC5FF772988DD5F55764505 /* Pods-RXSwifTestDemo.debug.xcconfig */;
			buildSettings = {
				ASSETCATALOG_COMPILER_APPICON_NAME = AppIcon;
				DEVELOPMENT_TEAM = 4A75LEU8F4;
				INFOPLIST_FILE = RXSwifTestDemo/Info.plist;
				LD_RUNPATH_SEARCH_PATHS = "$(inherited) @executable_path/Frameworks";
				PRODUCT_BUNDLE_IDENTIFIER = com.dfhz.RXSwifTestDemo;
				PRODUCT_NAME = "$(TARGET_NAME)";
				SWIFT_VERSION = 3.0;
			};
			name = Debug;
		};
		2899BC421F5D243C007ED724 /* Release */ = {
			isa = XCBuildConfiguration;
			baseConfigurationReference = 1A1EAC7A4B6212DF6F429045 /* Pods-RXSwifTestDemo.release.xcconfig */;
			buildSettings = {
				ASSETCATALOG_COMPILER_APPICON_NAME = AppIcon;
				DEVELOPMENT_TEAM = 4A75LEU8F4;
				INFOPLIST_FILE = RXSwifTestDemo/Info.plist;
				LD_RUNPATH_SEARCH_PATHS = "$(inherited) @executable_path/Frameworks";
				PRODUCT_BUNDLE_IDENTIFIER = com.dfhz.RXSwifTestDemo;
				PRODUCT_NAME = "$(TARGET_NAME)";
				SWIFT_VERSION = 3.0;
			};
			name = Release;
		};
/* End XCBuildConfiguration section */

/* Begin XCConfigurationList section */
		2899BC291F5D243A007ED724 /* Build configuration list for PBXProject "RXSwifTestDemo" */ = {
			isa = XCConfigurationList;
			buildConfigurations = (
				2899BC3E1F5D243C007ED724 /* Debug */,
				2899BC3F1F5D243C007ED724 /* Release */,
			);
			defaultConfigurationIsVisible = 0;
			defaultConfigurationName = Release;
		};
		2899BC401F5D243C007ED724 /* Build configuration list for PBXNativeTarget "RXSwifTestDemo" */ = {
			isa = XCConfigurationList;
			buildConfigurations = (
				2899BC411F5D243C007ED724 /* Debug */,
				2899BC421F5D243C007ED724 /* Release */,
			);
			defaultConfigurationIsVisible = 0;
			defaultConfigurationName = Release;
		};
/* End XCConfigurationList section */
	};
	rootObject = 2899BC261F5D243A007ED724 /* Project object */;
}
